
Microsoft Visual Studio Solution File, Format Version 12.00
# Visual Studio Version 16
VisualStudioVersion = 16.0.36128.20
MinimumVisualStudioVersion = 10.0.40219.1
Project("{9A19103F-16F7-4668-BE54-9A1E7A4F7556}") = "ChordProgressionQuiz", "ChordProgressionQuiz.csproj", "{83CCEFA8-E4D9-49F4-A446-54E43814943F}"
EndProject
Global
	GlobalSection(SolutionConfigurationPlatforms) = preSolution
		Debug|Any CPU = Debug|Any CPU
		Release|Any CPU = Release|Any CPU
	EndGlobalSection
	GlobalSection(ProjectConfigurationPlatforms) = postSolution
		{83CCEFA8-E4D9-49F4-A446-54E43814943F}.Debug|Any CPU.ActiveCfg = Debug|Any CPU
		{83CCEFA8-E4D9-49F4-A446-54E43814943F}.Debug|Any CPU.Build.0 = Debug|Any CPU
		{83CCEFA8-E4D9-49F4-A446-54E43814943F}.Release|Any CPU.ActiveCfg = Release|Any CPU
		{83CCEFA8-E4D9-49F4-A446-54E43814943F}.Release|Any CPU.Build.0 = Release|Any CPU
	EndGlobalSection
	GlobalSection(SolutionProperties) = preSolution
		HideSolutionNode = FALSE
	EndGlobalSection
	GlobalSection(ExtensibilityGlobals) = postSolution
		SolutionGuid = {4F8FF75C-98F2-4DB4-86FF-80E92CD72121}
	EndGlobalSection
EndGlobal
